
Microsoft Visual Studio Solution File, Format Version 12.00
# Visual Studio Version 17
VisualStudioVersion = 17.10.35004.147
MinimumVisualStudioVersion = 10.0.40219.1
Project("{FAE04EC0-301F-11D3-BF4B-00C04F79EFBC}") = "DoToo", "DoToo.csproj", "{F89C52CA-CBBA-400B-838C-6FA04AFE4261}"
EndProject
Global
	GlobalSection(SolutionConfigurationPlatforms) = preSolution
		Debug|Any CPU = Debug|Any CPU
		Release|Any CPU = Release|Any CPU
	EndGlobalSection
	GlobalSection(ProjectConfigurationPlatforms) = postSolution
		{F89C52CA-CBBA-400B-838C-6FA04AFE4261}.Debug|Any CPU.ActiveCfg = Debug|Any CPU
		{F89C52CA-CBBA-400B-838C-6FA04AFE4261}.Debug|Any CPU.Build.0 = Debug|Any CPU
		{F89C52CA-CBBA-400B-838C-6FA04AFE4261}.Debug|Any CPU.Deploy.0 = Debug|Any CPU
		{F89C52CA-CBBA-400B-838C-6FA04AFE4261}.Release|Any CPU.ActiveCfg = Release|Any CPU
		{F89C52CA-CBBA-400B-838C-6FA04AFE4261}.Release|Any CPU.Build.0 = Release|Any CPU
		{F89C52CA-CBBA-400B-838C-6FA04AFE4261}.Release|Any CPU.Deploy.0 = Release|Any CPU
	EndGlobalSection
	GlobalSection(SolutionProperties) = preSolution
		HideSolutionNode = FALSE
	EndGlobalSection
	GlobalSection(ExtensibilityGlobals) = postSolution
		SolutionGuid = {D8C281E4-C253-48ED-9AC2-81BF6C3D3BA0}
	EndGlobalSection
EndGlobal
